
Microsoft Visual Studio Solution File, Format Version 12.00
# Visual Studio Version 16
VisualStudioVersion = 16.0.29609.76
MinimumVisualStudioVersion = 10.0.40219.1
Project("{FAE04EC0-301F-11D3-BF4B-00C04F79EFBC}") = "ThreatAlerting", "ThreatAlerting\ThreatAlerting.csproj", "{35521325-33CC-4DDB-8517-DA197207FB37}"
EndProject
Project("{FAE04EC0-301F-11D3-BF4B-00C04F79EFBC}") = "ThreatAlerting.Models", "ThreatAlerting.Models\ThreatAlerting.Models.csproj", "{085A0687-B053-4955-945E-A90419A5C7A1}"
EndProject
Global
	GlobalSection(SolutionConfigurationPlatforms) = preSolution
		Debug|Any CPU = Debug|Any CPU
		Release|Any CPU = Release|Any CPU
	EndGlobalSection
	GlobalSection(ProjectConfigurationPlatforms) = postSolution
		{35521325-33CC-4DDB-8517-DA197207FB37}.Debug|Any CPU.ActiveCfg = Debug|Any CPU
		{35521325-33CC-4DDB-8517-DA197207FB37}.Debug|Any CPU.Build.0 = Debug|Any CPU
		{35521325-33CC-4DDB-8517-DA197207FB37}.Release|Any CPU.ActiveCfg = Release|Any CPU
		{35521325-33CC-4DDB-8517-DA197207FB37}.Release|Any CPU.Build.0 = Release|Any CPU
		{085A0687-B053-4955-945E-A90419A5C7A1}.Debug|Any CPU.ActiveCfg = Debug|Any CPU
		{085A0687-B053-4955-945E-A90419A5C7A1}.Debug|Any CPU.Build.0 = Debug|Any CPU
		{085A0687-B053-4955-945E-A90419A5C7A1}.Release|Any CPU.ActiveCfg = Release|Any CPU
		{085A0687-B053-4955-945E-A90419A5C7A1}.Release|Any CPU.Build.0 = Release|Any CPU
	EndGlobalSection
	GlobalSection(SolutionProperties) = preSolution
		HideSolutionNode = FALSE
	EndGlobalSection
	GlobalSection(ExtensibilityGlobals) = postSolution
		SolutionGuid = {90331475-3120-41B5-84AD-F940B9AF6779}
	EndGlobalSection
EndGlobal
